
Microsoft Visual Studio Solution File, Format Version 12.00
# Visual Studio 14
VisualStudioVersion = 14.0.25420.1
MinimumVisualStudioVersion = 10.0.40219.1
Project("{FAE04EC0-301F-11D3-BF4B-00C04F79EFBC}") = "SpotifyAPI.Local", "SpotifyAPI\SpotifyAPI.Local.csproj", "{EBBE35E2-7B91-4D7D-B8FC-3A0472F5119D}"
EndProject
Project("{FAE04EC0-301F-11D3-BF4B-00C04F79EFBC}") = "SpotifyAPI.Tests", "SpotifyAPI.Tests\SpotifyAPI.Tests.csproj", "{A06CE1BA-B2C4-4C3C-9E79-D2E8D36DDF0B}"
EndProject
Project("{FAE04EC0-301F-11D3-BF4B-00C04F79EFBC}") = "SpotifyAPI.Example", "SpotifyAPI.Example\SpotifyAPI.Example.csproj", "{C8968A03-497E-4BAB-B492-5651AE7E0C06}"
EndProject
Project("{FAE04EC0-301F-11D3-BF4B-00C04F79EFBC}") = "SpotifyAPI.Web", "SpotifyAPI.Web\SpotifyAPI.Web.csproj", "{B69145AA-1ECC-488D-B8F3-C6F608E41025}"
EndProject
Global
	GlobalSection(SolutionConfigurationPlatforms) = preSolution
		Debug|Any CPU = Debug|Any CPU
		Release|Any CPU = Release|Any CPU
	EndGlobalSection
	GlobalSection(ProjectConfigurationPlatforms) = postSolution
		{EBBE35E2-7B91-4D7D-B8FC-3A0472F5119D}.Debug|Any CPU.ActiveCfg = Debug|Any CPU
		{EBBE35E2-7B91-4D7D-B8FC-3A0472F5119D}.Debug|Any CPU.Build.0 = Debug|Any CPU
		{EBBE35E2-7B91-4D7D-B8FC-3A0472F5119D}.Release|Any CPU.ActiveCfg = Release|Any CPU
		{EBBE35E2-7B91-4D7D-B8FC-3A0472F5119D}.Release|Any CPU.Build.0 = Release|Any CPU
		{A06CE1BA-B2C4-4C3C-9E79-D2E8D36DDF0B}.Debug|Any CPU.ActiveCfg = Debug|Any CPU
		{A06CE1BA-B2C4-4C3C-9E79-D2E8D36DDF0B}.Debug|Any CPU.Build.0 = Debug|Any CPU
		{A06CE1BA-B2C4-4C3C-9E79-D2E8D36DDF0B}.Release|Any CPU.ActiveCfg = Release|Any CPU
		{A06CE1BA-B2C4-4C3C-9E79-D2E8D36DDF0B}.Release|Any CPU.Build.0 = Release|Any CPU
		{C8968A03-497E-4BAB-B492-5651AE7E0C06}.Debug|Any CPU.ActiveCfg = Debug|Any CPU
		{C8968A03-497E-4BAB-B492-5651AE7E0C06}.Debug|Any CPU.Build.0 = Debug|Any CPU
		{C8968A03-497E-4BAB-B492-5651AE7E0C06}.Release|Any CPU.ActiveCfg = Release|Any CPU
		{C8968A03-497E-4BAB-B492-5651AE7E0C06}.Release|Any CPU.Build.0 = Release|Any CPU
		{B69145AA-1ECC-488D-B8F3-C6F608E41025}.Debug|Any CPU.ActiveCfg = Debug|Any CPU
		{B69145AA-1ECC-488D-B8F3-C6F608E41025}.Debug|Any CPU.Build.0 = Debug|Any CPU
		{B69145AA-1ECC-488D-B8F3-C6F608E41025}.Release|Any CPU.ActiveCfg = Release|Any CPU
		{B69145AA-1ECC-488D-B8F3-C6F608E41025}.Release|Any CPU.Build.0 = Release|Any CPU
	EndGlobalSection
	GlobalSection(SolutionProperties) = preSolution
		HideSolutionNode = FALSE
	EndGlobalSection
EndGlobal
