
Microsoft Visual Studio Solution File, Format Version 12.00
# Visual Studio Version 16
VisualStudioVersion = 16.0.30104.148
MinimumVisualStudioVersion = 10.0.40219.1
Project("{9A19103F-16F7-4668-BE54-9A1E7A4F7556}") = "SpotifyAPI.Web", "SpotifyAPI.Web\SpotifyAPI.Web.csproj", "{EC8A93BA-27C4-4642-B7A0-11B809C35BE4}"
EndProject
Project("{9A19103F-16F7-4668-BE54-9A1E7A4F7556}") = "SpotifyAPI.Web.Tests", "SpotifyAPI.Web.Tests\SpotifyAPI.Web.Tests.csproj", "{47FD780C-47B2-4634-9BB4-83C660101FAE}"
EndProject
Project("{9A19103F-16F7-4668-BE54-9A1E7A4F7556}") = "SpotifyAPI.Web.Auth", "SpotifyAPI.Web.Auth\SpotifyAPI.Web.Auth.csproj", "{400A3787-FDBE-4A4C-9DDD-AAEB3DCE1DF5}"
EndProject
Project("{2150E333-8FDC-42A3-9474-1A3956D46DE8}") = "SpotifyAPI.Web.Examples", "SpotifyAPI.Web.Examples", "{48A7DE65-29BB-409C-AC45-77F6586C0B15}"
EndProject
Project("{9A19103F-16F7-4668-BE54-9A1E7A4F7556}") = "Example.CLI.PersistentConfig", "SpotifyAPI.Web.Examples\Example.CLI.PersistentConfig\Example.CLI.PersistentConfig.csproj", "{F4ECE937-99F2-4C4F-9F5C-4AB875D9538A}"
EndProject
Project("{9A19103F-16F7-4668-BE54-9A1E7A4F7556}") = "Example.CLI.CustomHTML", "SpotifyAPI.Web.Examples\Example.CLI.CustomHTML\Example.CLI.CustomHTML.csproj", "{941AB88D-B3A9-407F-BF88-BFE14B401687}"
EndProject
Project("{2150E333-8FDC-42A3-9474-1A3956D46DE8}") = "Solution Items", "Solution Items", "{68E44B78-0896-413C-99AC-80D58F35D5B1}"
	ProjectSection(SolutionItems) = preProject
		.editorconfig = .editorconfig
	EndProjectSection
EndProject
Project("{FAE04EC0-301F-11D3-BF4B-00C04F79EFBC}") = "Example.UWP", "SpotifyAPI.Web.Examples\Example.UWP\Example.UWP.csproj", "{8968B88F-3A6B-4012-8449-B502C7CD658A}"
EndProject
Global
	GlobalSection(SolutionConfigurationPlatforms) = preSolution
		Debug|Any CPU = Debug|Any CPU
		Debug|ARM = Debug|ARM
		Debug|ARM64 = Debug|ARM64
		Debug|x64 = Debug|x64
		Debug|x86 = Debug|x86
		Release|Any CPU = Release|Any CPU
		Release|ARM = Release|ARM
		Release|ARM64 = Release|ARM64
		Release|x64 = Release|x64
		Release|x86 = Release|x86
	EndGlobalSection
	GlobalSection(ProjectConfigurationPlatforms) = postSolution
		{EC8A93BA-27C4-4642-B7A0-11B809C35BE4}.Debug|Any CPU.ActiveCfg = Debug|Any CPU
		{EC8A93BA-27C4-4642-B7A0-11B809C35BE4}.Debug|Any CPU.Build.0 = Debug|Any CPU
		{EC8A93BA-27C4-4642-B7A0-11B809C35BE4}.Debug|ARM.ActiveCfg = Debug|Any CPU
		{EC8A93BA-27C4-4642-B7A0-11B809C35BE4}.Debug|ARM.Build.0 = Debug|Any CPU
		{EC8A93BA-27C4-4642-B7A0-11B809C35BE4}.Debug|ARM64.ActiveCfg = Debug|Any CPU
		{EC8A93BA-27C4-4642-B7A0-11B809C35BE4}.Debug|ARM64.Build.0 = Debug|Any CPU
		{EC8A93BA-27C4-4642-B7A0-11B809C35BE4}.Debug|x64.ActiveCfg = Debug|Any CPU
		{EC8A93BA-27C4-4642-B7A0-11B809C35BE4}.Debug|x64.Build.0 = Debug|Any CPU
		{EC8A93BA-27C4-4642-B7A0-11B809C35BE4}.Debug|x86.ActiveCfg = Debug|Any CPU
		{EC8A93BA-27C4-4642-B7A0-11B809C35BE4}.Debug|x86.Build.0 = Debug|Any CPU
		{EC8A93BA-27C4-4642-B7A0-11B809C35BE4}.Release|Any CPU.ActiveCfg = Release|Any CPU
		{EC8A93BA-27C4-4642-B7A0-11B809C35BE4}.Release|Any CPU.Build.0 = Release|Any CPU
		{EC8A93BA-27C4-4642-B7A0-11B809C35BE4}.Release|ARM.ActiveCfg = Release|Any CPU
		{EC8A93BA-27C4-4642-B7A0-11B809C35BE4}.Release|ARM.Build.0 = Release|Any CPU
		{EC8A93BA-27C4-4642-B7A0-11B809C35BE4}.Release|ARM64.ActiveCfg = Release|Any CPU
		{EC8A93BA-27C4-4642-B7A0-11B809C35BE4}.Release|ARM64.Build.0 = Release|Any CPU
		{EC8A93BA-27C4-4642-B7A0-11B809C35BE4}.Release|x64.ActiveCfg = Release|Any CPU
		{EC8A93BA-27C4-4642-B7A0-11B809C35BE4}.Release|x64.Build.0 = Release|Any CPU
		{EC8A93BA-27C4-4642-B7A0-11B809C35BE4}.Release|x86.ActiveCfg = Release|Any CPU
		{EC8A93BA-27C4-4642-B7A0-11B809C35BE4}.Release|x86.Build.0 = Release|Any CPU
		{47FD780C-47B2-4634-9BB4-83C660101FAE}.Debug|Any CPU.ActiveCfg = Debug|Any CPU
		{47FD780C-47B2-4634-9BB4-83C660101FAE}.Debug|Any CPU.Build.0 = Debug|Any CPU
		{47FD780C-47B2-4634-9BB4-83C660101FAE}.Debug|ARM.ActiveCfg = Debug|Any CPU
		{47FD780C-47B2-4634-9BB4-83C660101FAE}.Debug|ARM.Build.0 = Debug|Any CPU
		{47FD780C-47B2-4634-9BB4-83C660101FAE}.Debug|ARM64.ActiveCfg = Debug|Any CPU
		{47FD780C-47B2-4634-9BB4-83C660101FAE}.Debug|ARM64.Build.0 = Debug|Any CPU
		{47FD780C-47B2-4634-9BB4-83C660101FAE}.Debug|x64.ActiveCfg = Debug|Any CPU
		{47FD780C-47B2-4634-9BB4-83C660101FAE}.Debug|x64.Build.0 = Debug|Any CPU
		{47FD780C-47B2-4634-9BB4-83C660101FAE}.Debug|x86.ActiveCfg = Debug|Any CPU
		{47FD780C-47B2-4634-9BB4-83C660101FAE}.Debug|x86.Build.0 = Debug|Any CPU
		{47FD780C-47B2-4634-9BB4-83C660101FAE}.Release|Any CPU.ActiveCfg = Release|Any CPU
		{47FD780C-47B2-4634-9BB4-83C660101FAE}.Release|Any CPU.Build.0 = Release|Any CPU
		{47FD780C-47B2-4634-9BB4-83C660101FAE}.Release|ARM.ActiveCfg = Release|Any CPU
		{47FD780C-47B2-4634-9BB4-83C660101FAE}.Release|ARM.Build.0 = Release|Any CPU
		{47FD780C-47B2-4634-9BB4-83C660101FAE}.Release|ARM64.ActiveCfg = Release|Any CPU
		{47FD780C-47B2-4634-9BB4-83C660101FAE}.Release|ARM64.Build.0 = Release|Any CPU
		{47FD780C-47B2-4634-9BB4-83C660101FAE}.Release|x64.ActiveCfg = Release|Any CPU
		{47FD780C-47B2-4634-9BB4-83C660101FAE}.Release|x64.Build.0 = Release|Any CPU
		{47FD780C-47B2-4634-9BB4-83C660101FAE}.Release|x86.ActiveCfg = Release|Any CPU
		{47FD780C-47B2-4634-9BB4-83C660101FAE}.Release|x86.Build.0 = Release|Any CPU
		{400A3787-FDBE-4A4C-9DDD-AAEB3DCE1DF5}.Debug|Any CPU.ActiveCfg = Debug|Any CPU
		{400A3787-FDBE-4A4C-9DDD-AAEB3DCE1DF5}.Debug|Any CPU.Build.0 = Debug|Any CPU
		{400A3787-FDBE-4A4C-9DDD-AAEB3DCE1DF5}.Debug|ARM.ActiveCfg = Debug|Any CPU
		{400A3787-FDBE-4A4C-9DDD-AAEB3DCE1DF5}.Debug|ARM.Build.0 = Debug|Any CPU
		{400A3787-FDBE-4A4C-9DDD-AAEB3DCE1DF5}.Debug|ARM64.ActiveCfg = Debug|Any CPU
		{400A3787-FDBE-4A4C-9DDD-AAEB3DCE1DF5}.Debug|ARM64.Build.0 = Debug|Any CPU
		{400A3787-FDBE-4A4C-9DDD-AAEB3DCE1DF5}.Debug|x64.ActiveCfg = Debug|Any CPU
		{400A3787-FDBE-4A4C-9DDD-AAEB3DCE1DF5}.Debug|x64.Build.0 = Debug|Any CPU
		{400A3787-FDBE-4A4C-9DDD-AAEB3DCE1DF5}.Debug|x86.ActiveCfg = Debug|Any CPU
		{400A3787-FDBE-4A4C-9DDD-AAEB3DCE1DF5}.Debug|x86.Build.0 = Debug|Any CPU
		{400A3787-FDBE-4A4C-9DDD-AAEB3DCE1DF5}.Release|Any CPU.ActiveCfg = Release|Any CPU
		{400A3787-FDBE-4A4C-9DDD-AAEB3DCE1DF5}.Release|Any CPU.Build.0 = Release|Any CPU
		{400A3787-FDBE-4A4C-9DDD-AAEB3DCE1DF5}.Release|ARM.ActiveCfg = Release|Any CPU
		{400A3787-FDBE-4A4C-9DDD-AAEB3DCE1DF5}.Release|ARM.Build.0 = Release|Any CPU
		{400A3787-FDBE-4A4C-9DDD-AAEB3DCE1DF5}.Release|ARM64.ActiveCfg = Release|Any CPU
		{400A3787-FDBE-4A4C-9DDD-AAEB3DCE1DF5}.Release|ARM64.Build.0 = Release|Any CPU
		{400A3787-FDBE-4A4C-9DDD-AAEB3DCE1DF5}.Release|x64.ActiveCfg = Release|Any CPU
		{400A3787-FDBE-4A4C-9DDD-AAEB3DCE1DF5}.Release|x64.Build.0 = Release|Any CPU
		{400A3787-FDBE-4A4C-9DDD-AAEB3DCE1DF5}.Release|x86.ActiveCfg = Release|Any CPU
		{400A3787-FDBE-4A4C-9DDD-AAEB3DCE1DF5}.Release|x86.Build.0 = Release|Any CPU
		{F4ECE937-99F2-4C4F-9F5C-4AB875D9538A}.Debug|Any CPU.ActiveCfg = Debug|Any CPU
		{F4ECE937-99F2-4C4F-9F5C-4AB875D9538A}.Debug|Any CPU.Build.0 = Debug|Any CPU
		{F4ECE937-99F2-4C4F-9F5C-4AB875D9538A}.Debug|ARM.ActiveCfg = Debug|Any CPU
		{F4ECE937-99F2-4C4F-9F5C-4AB875D9538A}.Debug|ARM.Build.0 = Debug|Any CPU
		{F4ECE937-99F2-4C4F-9F5C-4AB875D9538A}.Debug|ARM64.ActiveCfg = Debug|Any CPU
		{F4ECE937-99F2-4C4F-9F5C-4AB875D9538A}.Debug|ARM64.Build.0 = Debug|Any CPU
		{F4ECE937-99F2-4C4F-9F5C-4AB875D9538A}.Debug|x64.ActiveCfg = Debug|Any CPU
		{F4ECE937-99F2-4C4F-9F5C-4AB875D9538A}.Debug|x64.Build.0 = Debug|Any CPU
		{F4ECE937-99F2-4C4F-9F5C-4AB875D9538A}.Debug|x86.ActiveCfg = Debug|Any CPU
		{F4ECE937-99F2-4C4F-9F5C-4AB875D9538A}.Debug|x86.Build.0 = Debug|Any CPU
		{F4ECE937-99F2-4C4F-9F5C-4AB875D9538A}.Release|Any CPU.ActiveCfg = Release|Any CPU
		{F4ECE937-99F2-4C4F-9F5C-4AB875D9538A}.Release|Any CPU.Build.0 = Release|Any CPU
		{F4ECE937-99F2-4C4F-9F5C-4AB875D9538A}.Release|ARM.ActiveCfg = Release|Any CPU
		{F4ECE937-99F2-4C4F-9F5C-4AB875D9538A}.Release|ARM.Build.0 = Release|Any CPU
		{F4ECE937-99F2-4C4F-9F5C-4AB875D9538A}.Release|ARM64.ActiveCfg = Release|Any CPU
		{F4ECE937-99F2-4C4F-9F5C-4AB875D9538A}.Release|ARM64.Build.0 = Release|Any CPU
		{F4ECE937-99F2-4C4F-9F5C-4AB875D9538A}.Release|x64.ActiveCfg = Release|Any CPU
		{F4ECE937-99F2-4C4F-9F5C-4AB875D9538A}.Release|x64.Build.0 = Release|Any CPU
		{F4ECE937-99F2-4C4F-9F5C-4AB875D9538A}.Release|x86.ActiveCfg = Release|Any CPU
		{F4ECE937-99F2-4C4F-9F5C-4AB875D9538A}.Release|x86.Build.0 = Release|Any CPU
		{941AB88D-B3A9-407F-BF88-BFE14B401687}.Debug|Any CPU.ActiveCfg = Debug|Any CPU
		{941AB88D-B3A9-407F-BF88-BFE14B401687}.Debug|Any CPU.Build.0 = Debug|Any CPU
		{941AB88D-B3A9-407F-BF88-BFE14B401687}.Debug|ARM.ActiveCfg = Debug|Any CPU
		{941AB88D-B3A9-407F-BF88-BFE14B401687}.Debug|ARM.Build.0 = Debug|Any CPU
		{941AB88D-B3A9-407F-BF88-BFE14B401687}.Debug|ARM64.ActiveCfg = Debug|Any CPU
		{941AB88D-B3A9-407F-BF88-BFE14B401687}.Debug|ARM64.Build.0 = Debug|Any CPU
		{941AB88D-B3A9-407F-BF88-BFE14B401687}.Debug|x64.ActiveCfg = Debug|Any CPU
		{941AB88D-B3A9-407F-BF88-BFE14B401687}.Debug|x64.Build.0 = Debug|Any CPU
		{941AB88D-B3A9-407F-BF88-BFE14B401687}.Debug|x86.ActiveCfg = Debug|Any CPU
		{941AB88D-B3A9-407F-BF88-BFE14B401687}.Debug|x86.Build.0 = Debug|Any CPU
		{941AB88D-B3A9-407F-BF88-BFE14B401687}.Release|Any CPU.ActiveCfg = Release|Any CPU
		{941AB88D-B3A9-407F-BF88-BFE14B401687}.Release|Any CPU.Build.0 = Release|Any CPU
		{941AB88D-B3A9-407F-BF88-BFE14B401687}.Release|ARM.ActiveCfg = Release|Any CPU
		{941AB88D-B3A9-407F-BF88-BFE14B401687}.Release|ARM.Build.0 = Release|Any CPU
		{941AB88D-B3A9-407F-BF88-BFE14B401687}.Release|ARM64.ActiveCfg = Release|Any CPU
		{941AB88D-B3A9-407F-BF88-BFE14B401687}.Release|ARM64.Build.0 = Release|Any CPU
		{941AB88D-B3A9-407F-BF88-BFE14B401687}.Release|x64.ActiveCfg = Release|Any CPU
		{941AB88D-B3A9-407F-BF88-BFE14B401687}.Release|x64.Build.0 = Release|Any CPU
		{941AB88D-B3A9-407F-BF88-BFE14B401687}.Release|x86.ActiveCfg = Release|Any CPU
		{941AB88D-B3A9-407F-BF88-BFE14B401687}.Release|x86.Build.0 = Release|Any CPU
		{8968B88F-3A6B-4012-8449-B502C7CD658A}.Debug|Any CPU.ActiveCfg = Debug|x86
		{8968B88F-3A6B-4012-8449-B502C7CD658A}.Debug|ARM.ActiveCfg = Debug|ARM
		{8968B88F-3A6B-4012-8449-B502C7CD658A}.Debug|ARM.Build.0 = Debug|ARM
		{8968B88F-3A6B-4012-8449-B502C7CD658A}.Debug|ARM.Deploy.0 = Debug|ARM
		{8968B88F-3A6B-4012-8449-B502C7CD658A}.Debug|ARM64.ActiveCfg = Debug|ARM64
		{8968B88F-3A6B-4012-8449-B502C7CD658A}.Debug|ARM64.Build.0 = Debug|ARM64
		{8968B88F-3A6B-4012-8449-B502C7CD658A}.Debug|ARM64.Deploy.0 = Debug|ARM64
		{8968B88F-3A6B-4012-8449-B502C7CD658A}.Debug|x64.ActiveCfg = Debug|x64
		{8968B88F-3A6B-4012-8449-B502C7CD658A}.Debug|x64.Build.0 = Debug|x64
		{8968B88F-3A6B-4012-8449-B502C7CD658A}.Debug|x64.Deploy.0 = Debug|x64
		{8968B88F-3A6B-4012-8449-B502C7CD658A}.Debug|x86.ActiveCfg = Debug|x86
		{8968B88F-3A6B-4012-8449-B502C7CD658A}.Debug|x86.Build.0 = Debug|x86
		{8968B88F-3A6B-4012-8449-B502C7CD658A}.Debug|x86.Deploy.0 = Debug|x86
		{8968B88F-3A6B-4012-8449-B502C7CD658A}.Release|Any CPU.ActiveCfg = Release|x86
		{8968B88F-3A6B-4012-8449-B502C7CD658A}.Release|ARM.ActiveCfg = Release|ARM
		{8968B88F-3A6B-4012-8449-B502C7CD658A}.Release|ARM.Build.0 = Release|ARM
		{8968B88F-3A6B-4012-8449-B502C7CD658A}.Release|ARM.Deploy.0 = Release|ARM
		{8968B88F-3A6B-4012-8449-B502C7CD658A}.Release|ARM64.ActiveCfg = Release|ARM64
		{8968B88F-3A6B-4012-8449-B502C7CD658A}.Release|ARM64.Build.0 = Release|ARM64
		{8968B88F-3A6B-4012-8449-B502C7CD658A}.Release|ARM64.Deploy.0 = Release|ARM64
		{8968B88F-3A6B-4012-8449-B502C7CD658A}.Release|x64.ActiveCfg = Release|x64
		{8968B88F-3A6B-4012-8449-B502C7CD658A}.Release|x64.Build.0 = Release|x64
		{8968B88F-3A6B-4012-8449-B502C7CD658A}.Release|x64.Deploy.0 = Release|x64
		{8968B88F-3A6B-4012-8449-B502C7CD658A}.Release|x86.ActiveCfg = Release|x86
		{8968B88F-3A6B-4012-8449-B502C7CD658A}.Release|x86.Build.0 = Release|x86
		{8968B88F-3A6B-4012-8449-B502C7CD658A}.Release|x86.Deploy.0 = Release|x86
	EndGlobalSection
	GlobalSection(SolutionProperties) = preSolution
		HideSolutionNode = FALSE
	EndGlobalSection
	GlobalSection(NestedProjects) = preSolution
		{F4ECE937-99F2-4C4F-9F5C-4AB875D9538A} = {48A7DE65-29BB-409C-AC45-77F6586C0B15}
		{941AB88D-B3A9-407F-BF88-BFE14B401687} = {48A7DE65-29BB-409C-AC45-77F6586C0B15}
		{8968B88F-3A6B-4012-8449-B502C7CD658A} = {48A7DE65-29BB-409C-AC45-77F6586C0B15}
	EndGlobalSection
	GlobalSection(ExtensibilityGlobals) = postSolution
		SolutionGuid = {097062B8-0E87-43C8-BD98-61843A68BE6D}
	EndGlobalSection
EndGlobal
